
Microsoft Visual Studio Solution File, Format Version 12.00
# Visual Studio Version 17
VisualStudioVersion = 17.8.34309.116
MinimumVisualStudioVersion = 10.0.40219.1
Project("{9A19103F-16F7-4668-BE54-9A1E7A4F7556}") = "01_BasicSyntax", "01_BasicSyntax\01_BasicSyntax.csproj", "{2A0B3FB4-4689-43A1-8FEC-06FDA8A63D7B}"
EndProject
Project("{FAE04EC0-301F-11D3-BF4B-00C04F79EFBC}") = "02_DataTypes", "02_DataTypes\02_DataTypes.csproj", "{9C67ED20-3FB6-4EDF-B1C3-80FB3A1A0223}"
EndProject
Global
	GlobalSection(SolutionConfigurationPlatforms) = preSolution
		Debug|Any CPU = Debug|Any CPU
		Release|Any CPU = Release|Any CPU
	EndGlobalSection
	GlobalSection(ProjectConfigurationPlatforms) = postSolution
		{2A0B3FB4-4689-43A1-8FEC-06FDA8A63D7B}.Debug|Any CPU.ActiveCfg = Debug|Any CPU
		{2A0B3FB4-4689-43A1-8FEC-06FDA8A63D7B}.Debug|Any CPU.Build.0 = Debug|Any CPU
		{2A0B3FB4-4689-43A1-8FEC-06FDA8A63D7B}.Release|Any CPU.ActiveCfg = Release|Any CPU
		{2A0B3FB4-4689-43A1-8FEC-06FDA8A63D7B}.Release|Any CPU.Build.0 = Release|Any CPU
		{9C67ED20-3FB6-4EDF-B1C3-80FB3A1A0223}.Debug|Any CPU.ActiveCfg = Debug|Any CPU
		{9C67ED20-3FB6-4EDF-B1C3-80FB3A1A0223}.Debug|Any CPU.Build.0 = Debug|Any CPU
		{9C67ED20-3FB6-4EDF-B1C3-80FB3A1A0223}.Release|Any CPU.ActiveCfg = Release|Any CPU
		{9C67ED20-3FB6-4EDF-B1C3-80FB3A1A0223}.Release|Any CPU.Build.0 = Release|Any CPU
	EndGlobalSection
	GlobalSection(SolutionProperties) = preSolution
		HideSolutionNode = FALSE
	EndGlobalSection
	GlobalSection(ExtensibilityGlobals) = postSolution
		SolutionGuid = {CF00C720-21D2-4D6C-91A7-46E0349320B7}
	EndGlobalSection
EndGlobal
